
Microsoft Visual Studio Solution File, Format Version 12.00
# Visual Studio Version 17
VisualStudioVersion = 17.5.33530.505
MinimumVisualStudioVersion = 10.0.40219.1
Project("{2150E333-8FDC-42A3-9474-1A3956D46DE8}") = "src", "src", "{2AB96302-BE12-4742-A741-439E6968B9EA}"
EndProject
Project("{9A19103F-16F7-4668-BE54-9A1E7A4F7556}") = "FileShare", "src\FileShare\FileShare.csproj", "{C3584FD4-4F42-4EE1-B9D5-1AF8E385A12A}"
EndProject
Global
	GlobalSection(SolutionConfigurationPlatforms) = preSolution
		Debug|Any CPU = Debug|Any CPU
		Release|Any CPU = Release|Any CPU
	EndGlobalSection
	GlobalSection(ProjectConfigurationPlatforms) = postSolution
		{C3584FD4-4F42-4EE1-B9D5-1AF8E385A12A}.Debug|Any CPU.ActiveCfg = Debug|Any CPU
		{C3584FD4-4F42-4EE1-B9D5-1AF8E385A12A}.Debug|Any CPU.Build.0 = Debug|Any CPU
		{C3584FD4-4F42-4EE1-B9D5-1AF8E385A12A}.Release|Any CPU.ActiveCfg = Release|Any CPU
		{C3584FD4-4F42-4EE1-B9D5-1AF8E385A12A}.Release|Any CPU.Build.0 = Release|Any CPU
	EndGlobalSection
	GlobalSection(SolutionProperties) = preSolution
		HideSolutionNode = FALSE
	EndGlobalSection
	GlobalSection(NestedProjects) = preSolution
		{C3584FD4-4F42-4EE1-B9D5-1AF8E385A12A} = {2AB96302-BE12-4742-A741-439E6968B9EA}
	EndGlobalSection
	GlobalSection(ExtensibilityGlobals) = postSolution
		SolutionGuid = {432765B1-DCFC-47B0-A395-FC8CF09A79C4}
	EndGlobalSection
EndGlobal
